
Microsoft Visual Studio Solution File, Format Version 12.00
# Visual Studio 2012
Project("{FAE04EC0-301F-11D3-BF4B-00C04F79EFBC}") = "Craft.Net.Networking", "source\Craft.Net.Networking\Craft.Net.Networking.csproj", "{C3BBAB7E-606F-420E-9461-C8CFAEC2476B}"
EndProject
Project("{FAE04EC0-301F-11D3-BF4B-00C04F79EFBC}") = "fNbt", "externals\fNbt\fNbt\fNbt.csproj", "{4488498D-976D-4DA3-BF72-109531AF0488}"
EndProject
Project("{FAE04EC0-301F-11D3-BF4B-00C04F79EFBC}") = "Craft.Net.Networking.Test", "source\Test\Craft.Net.Networking.Test\Craft.Net.Networking.Test.csproj", "{FE82A68D-44BD-485F-88CF-FFA77720AEF6}"
EndProject
Project("{FAE04EC0-301F-11D3-BF4B-00C04F79EFBC}") = "Craft.Net.Anvil", "source\Craft.Net.Anvil\Craft.Net.Anvil.csproj", "{02031C5C-5007-48D5-A253-F7C8BDF0C0B2}"
EndProject
Project("{2150E333-8FDC-42A3-9474-1A3956D46DE8}") = "Test", "Test", "{848E76C6-A56D-4DC7-A627-9A6A92C07991}"
EndProject
Project("{FAE04EC0-301F-11D3-BF4B-00C04F79EFBC}") = "Craft.Net.Anvil.Test", "source\Test\Craft.Net.Anvil.Test\Craft.Net.Anvil.Test.csproj", "{5E258098-CB4F-4C62-B1F2-A2ACD5F51CDC}"
EndProject
Project("{FAE04EC0-301F-11D3-BF4B-00C04F79EFBC}") = "Craft.Net.Common", "source\Craft.Net.Common\Craft.Net.Common.csproj", "{50462849-2223-4E39-B5D9-A928A9A58A33}"
EndProject
Project("{FAE04EC0-301F-11D3-BF4B-00C04F79EFBC}") = "Craft.Net.TerrainGeneration", "source\Craft.Net.TerrainGeneration\Craft.Net.TerrainGeneration.csproj", "{B415FC03-C6FB-4B20-A5A1-81F526ADFEF5}"
EndProject
Project("{FAE04EC0-301F-11D3-BF4B-00C04F79EFBC}") = "Craft.Net.Logic", "source\Craft.Net.Logic\Craft.Net.Logic.csproj", "{E001ADA1-6BCB-420E-B187-07FF361D60B8}"
EndProject
Project("{FAE04EC0-301F-11D3-BF4B-00C04F79EFBC}") = "Craft.Net.Logic.Test", "source\Test\Craft.Net.Logic.Test\Craft.Net.Logic.Test.csproj", "{078F8195-CB54-49FB-AC3B-0C00E2E1DA6C}"
EndProject
Project("{FAE04EC0-301F-11D3-BF4B-00C04F79EFBC}") = "Craft.Net.Entities", "source\Craft.Net.Entities\Craft.Net.Entities.csproj", "{451B4EE5-D815-47BF-9CE6-08328B4A2BA7}"
EndProject
Project("{FAE04EC0-301F-11D3-BF4B-00C04F79EFBC}") = "Craft.Net.Server", "source\Craft.Net.Server\Craft.Net.Server.csproj", "{81467141-9C7D-41EE-BFB0-D40251E10F8C}"
EndProject
Project("{FAE04EC0-301F-11D3-BF4B-00C04F79EFBC}") = "TestServer", "source\Test\TestServer\TestServer.csproj", "{5134C61A-020A-4931-9844-4706AADA62AA}"
EndProject
Global
	GlobalSection(SolutionConfigurationPlatforms) = preSolution
		Debug|Any CPU = Debug|Any CPU
		DEVELOPMENT|Any CPU = DEVELOPMENT|Any CPU
		MONO|Any CPU = MONO|Any CPU
		Release|Any CPU = Release|Any CPU
	EndGlobalSection
	GlobalSection(ProjectConfigurationPlatforms) = postSolution
		{C3BBAB7E-606F-420E-9461-C8CFAEC2476B}.Debug|Any CPU.ActiveCfg = Debug|Any CPU
		{C3BBAB7E-606F-420E-9461-C8CFAEC2476B}.Debug|Any CPU.Build.0 = Debug|Any CPU
		{C3BBAB7E-606F-420E-9461-C8CFAEC2476B}.DEVELOPMENT|Any CPU.ActiveCfg = DEVELOPMENT|Any CPU
		{C3BBAB7E-606F-420E-9461-C8CFAEC2476B}.DEVELOPMENT|Any CPU.Build.0 = DEVELOPMENT|Any CPU
		{C3BBAB7E-606F-420E-9461-C8CFAEC2476B}.MONO|Any CPU.ActiveCfg = MONO|Any CPU
		{C3BBAB7E-606F-420E-9461-C8CFAEC2476B}.MONO|Any CPU.Build.0 = MONO|Any CPU
		{C3BBAB7E-606F-420E-9461-C8CFAEC2476B}.Release|Any CPU.ActiveCfg = Release|Any CPU
		{C3BBAB7E-606F-420E-9461-C8CFAEC2476B}.Release|Any CPU.Build.0 = Release|Any CPU
		{4488498D-976D-4DA3-BF72-109531AF0488}.Debug|Any CPU.ActiveCfg = Debug|Any CPU
		{4488498D-976D-4DA3-BF72-109531AF0488}.Debug|Any CPU.Build.0 = Debug|Any CPU
		{4488498D-976D-4DA3-BF72-109531AF0488}.DEVELOPMENT|Any CPU.ActiveCfg = Debug|Any CPU
		{4488498D-976D-4DA3-BF72-109531AF0488}.DEVELOPMENT|Any CPU.Build.0 = Debug|Any CPU
		{4488498D-976D-4DA3-BF72-109531AF0488}.MONO|Any CPU.ActiveCfg = Release|Any CPU
		{4488498D-976D-4DA3-BF72-109531AF0488}.MONO|Any CPU.Build.0 = Release|Any CPU
		{4488498D-976D-4DA3-BF72-109531AF0488}.Release|Any CPU.ActiveCfg = Release|Any CPU
		{4488498D-976D-4DA3-BF72-109531AF0488}.Release|Any CPU.Build.0 = Release|Any CPU
		{FE82A68D-44BD-485F-88CF-FFA77720AEF6}.Debug|Any CPU.ActiveCfg = Debug|Any CPU
		{FE82A68D-44BD-485F-88CF-FFA77720AEF6}.Debug|Any CPU.Build.0 = Debug|Any CPU
		{FE82A68D-44BD-485F-88CF-FFA77720AEF6}.DEVELOPMENT|Any CPU.ActiveCfg = DEVELOPMENT|Any CPU
		{FE82A68D-44BD-485F-88CF-FFA77720AEF6}.DEVELOPMENT|Any CPU.Build.0 = DEVELOPMENT|Any CPU
		{FE82A68D-44BD-485F-88CF-FFA77720AEF6}.MONO|Any CPU.ActiveCfg = Release|Any CPU
		{FE82A68D-44BD-485F-88CF-FFA77720AEF6}.MONO|Any CPU.Build.0 = Release|Any CPU
		{FE82A68D-44BD-485F-88CF-FFA77720AEF6}.Release|Any CPU.ActiveCfg = Release|Any CPU
		{FE82A68D-44BD-485F-88CF-FFA77720AEF6}.Release|Any CPU.Build.0 = Release|Any CPU
		{02031C5C-5007-48D5-A253-F7C8BDF0C0B2}.Debug|Any CPU.ActiveCfg = Debug|Any CPU
		{02031C5C-5007-48D5-A253-F7C8BDF0C0B2}.Debug|Any CPU.Build.0 = Debug|Any CPU
		{02031C5C-5007-48D5-A253-F7C8BDF0C0B2}.DEVELOPMENT|Any CPU.ActiveCfg = DEVELOPMENT|Any CPU
		{02031C5C-5007-48D5-A253-F7C8BDF0C0B2}.DEVELOPMENT|Any CPU.Build.0 = DEVELOPMENT|Any CPU
		{02031C5C-5007-48D5-A253-F7C8BDF0C0B2}.MONO|Any CPU.ActiveCfg = Release|Any CPU
		{02031C5C-5007-48D5-A253-F7C8BDF0C0B2}.MONO|Any CPU.Build.0 = Release|Any CPU
		{02031C5C-5007-48D5-A253-F7C8BDF0C0B2}.Release|Any CPU.ActiveCfg = Release|Any CPU
		{02031C5C-5007-48D5-A253-F7C8BDF0C0B2}.Release|Any CPU.Build.0 = Release|Any CPU
		{5E258098-CB4F-4C62-B1F2-A2ACD5F51CDC}.Debug|Any CPU.ActiveCfg = Debug|Any CPU
		{5E258098-CB4F-4C62-B1F2-A2ACD5F51CDC}.Debug|Any CPU.Build.0 = Debug|Any CPU
		{5E258098-CB4F-4C62-B1F2-A2ACD5F51CDC}.DEVELOPMENT|Any CPU.ActiveCfg = DEVELOPMENT|Any CPU
		{5E258098-CB4F-4C62-B1F2-A2ACD5F51CDC}.DEVELOPMENT|Any CPU.Build.0 = DEVELOPMENT|Any CPU
		{5E258098-CB4F-4C62-B1F2-A2ACD5F51CDC}.MONO|Any CPU.ActiveCfg = Release|Any CPU
		{5E258098-CB4F-4C62-B1F2-A2ACD5F51CDC}.MONO|Any CPU.Build.0 = Release|Any CPU
		{5E258098-CB4F-4C62-B1F2-A2ACD5F51CDC}.Release|Any CPU.ActiveCfg = Release|Any CPU
		{5E258098-CB4F-4C62-B1F2-A2ACD5F51CDC}.Release|Any CPU.Build.0 = Release|Any CPU
		{50462849-2223-4E39-B5D9-A928A9A58A33}.Debug|Any CPU.ActiveCfg = Debug|Any CPU
		{50462849-2223-4E39-B5D9-A928A9A58A33}.Debug|Any CPU.Build.0 = Debug|Any CPU
		{50462849-2223-4E39-B5D9-A928A9A58A33}.DEVELOPMENT|Any CPU.ActiveCfg = DEVELOPMENT|Any CPU
		{50462849-2223-4E39-B5D9-A928A9A58A33}.DEVELOPMENT|Any CPU.Build.0 = DEVELOPMENT|Any CPU
		{50462849-2223-4E39-B5D9-A928A9A58A33}.MONO|Any CPU.ActiveCfg = Release|Any CPU
		{50462849-2223-4E39-B5D9-A928A9A58A33}.MONO|Any CPU.Build.0 = Release|Any CPU
		{50462849-2223-4E39-B5D9-A928A9A58A33}.Release|Any CPU.ActiveCfg = Release|Any CPU
		{50462849-2223-4E39-B5D9-A928A9A58A33}.Release|Any CPU.Build.0 = Release|Any CPU
		{B415FC03-C6FB-4B20-A5A1-81F526ADFEF5}.Debug|Any CPU.ActiveCfg = Debug|Any CPU
		{B415FC03-C6FB-4B20-A5A1-81F526ADFEF5}.Debug|Any CPU.Build.0 = Debug|Any CPU
		{B415FC03-C6FB-4B20-A5A1-81F526ADFEF5}.DEVELOPMENT|Any CPU.ActiveCfg = Debug|Any CPU
		{B415FC03-C6FB-4B20-A5A1-81F526ADFEF5}.DEVELOPMENT|Any CPU.Build.0 = Debug|Any CPU
		{B415FC03-C6FB-4B20-A5A1-81F526ADFEF5}.MONO|Any CPU.ActiveCfg = Release|Any CPU
		{B415FC03-C6FB-4B20-A5A1-81F526ADFEF5}.MONO|Any CPU.Build.0 = Release|Any CPU
		{B415FC03-C6FB-4B20-A5A1-81F526ADFEF5}.Release|Any CPU.ActiveCfg = Release|Any CPU
		{B415FC03-C6FB-4B20-A5A1-81F526ADFEF5}.Release|Any CPU.Build.0 = Release|Any CPU
		{E001ADA1-6BCB-420E-B187-07FF361D60B8}.Debug|Any CPU.ActiveCfg = Debug|Any CPU
		{E001ADA1-6BCB-420E-B187-07FF361D60B8}.Debug|Any CPU.Build.0 = Debug|Any CPU
		{E001ADA1-6BCB-420E-B187-07FF361D60B8}.DEVELOPMENT|Any CPU.ActiveCfg = Debug|Any CPU
		{E001ADA1-6BCB-420E-B187-07FF361D60B8}.DEVELOPMENT|Any CPU.Build.0 = Debug|Any CPU
		{E001ADA1-6BCB-420E-B187-07FF361D60B8}.MONO|Any CPU.ActiveCfg = Release|Any CPU
		{E001ADA1-6BCB-420E-B187-07FF361D60B8}.MONO|Any CPU.Build.0 = Release|Any CPU
		{E001ADA1-6BCB-420E-B187-07FF361D60B8}.Release|Any CPU.ActiveCfg = Release|Any CPU
		{E001ADA1-6BCB-420E-B187-07FF361D60B8}.Release|Any CPU.Build.0 = Release|Any CPU
		{078F8195-CB54-49FB-AC3B-0C00E2E1DA6C}.Debug|Any CPU.ActiveCfg = Debug|Any CPU
		{078F8195-CB54-49FB-AC3B-0C00E2E1DA6C}.Debug|Any CPU.Build.0 = Debug|Any CPU
		{078F8195-CB54-49FB-AC3B-0C00E2E1DA6C}.DEVELOPMENT|Any CPU.ActiveCfg = Debug|Any CPU
		{078F8195-CB54-49FB-AC3B-0C00E2E1DA6C}.DEVELOPMENT|Any CPU.Build.0 = Debug|Any CPU
		{078F8195-CB54-49FB-AC3B-0C00E2E1DA6C}.MONO|Any CPU.ActiveCfg = Release|Any CPU
		{078F8195-CB54-49FB-AC3B-0C00E2E1DA6C}.MONO|Any CPU.Build.0 = Release|Any CPU
		{078F8195-CB54-49FB-AC3B-0C00E2E1DA6C}.Release|Any CPU.ActiveCfg = Release|Any CPU
		{078F8195-CB54-49FB-AC3B-0C00E2E1DA6C}.Release|Any CPU.Build.0 = Release|Any CPU
		{451B4EE5-D815-47BF-9CE6-08328B4A2BA7}.Debug|Any CPU.ActiveCfg = Debug|Any CPU
		{451B4EE5-D815-47BF-9CE6-08328B4A2BA7}.Debug|Any CPU.Build.0 = Debug|Any CPU
		{451B4EE5-D815-47BF-9CE6-08328B4A2BA7}.DEVELOPMENT|Any CPU.ActiveCfg = Debug|Any CPU
		{451B4EE5-D815-47BF-9CE6-08328B4A2BA7}.DEVELOPMENT|Any CPU.Build.0 = Debug|Any CPU
		{451B4EE5-D815-47BF-9CE6-08328B4A2BA7}.MONO|Any CPU.ActiveCfg = Release|Any CPU
		{451B4EE5-D815-47BF-9CE6-08328B4A2BA7}.MONO|Any CPU.Build.0 = Release|Any CPU
		{451B4EE5-D815-47BF-9CE6-08328B4A2BA7}.Release|Any CPU.ActiveCfg = Release|Any CPU
		{451B4EE5-D815-47BF-9CE6-08328B4A2BA7}.Release|Any CPU.Build.0 = Release|Any CPU
		{81467141-9C7D-41EE-BFB0-D40251E10F8C}.Debug|Any CPU.ActiveCfg = Debug|Any CPU
		{81467141-9C7D-41EE-BFB0-D40251E10F8C}.Debug|Any CPU.Build.0 = Debug|Any CPU
		{81467141-9C7D-41EE-BFB0-D40251E10F8C}.DEVELOPMENT|Any CPU.ActiveCfg = Debug|Any CPU
		{81467141-9C7D-41EE-BFB0-D40251E10F8C}.DEVELOPMENT|Any CPU.Build.0 = Debug|Any CPU
		{81467141-9C7D-41EE-BFB0-D40251E10F8C}.MONO|Any CPU.ActiveCfg = Release|Any CPU
		{81467141-9C7D-41EE-BFB0-D40251E10F8C}.MONO|Any CPU.Build.0 = Release|Any CPU
		{81467141-9C7D-41EE-BFB0-D40251E10F8C}.Release|Any CPU.ActiveCfg = Release|Any CPU
		{81467141-9C7D-41EE-BFB0-D40251E10F8C}.Release|Any CPU.Build.0 = Release|Any CPU
		{5134C61A-020A-4931-9844-4706AADA62AA}.Debug|Any CPU.ActiveCfg = Debug|Any CPU
		{5134C61A-020A-4931-9844-4706AADA62AA}.Debug|Any CPU.Build.0 = Debug|Any CPU
		{5134C61A-020A-4931-9844-4706AADA62AA}.DEVELOPMENT|Any CPU.ActiveCfg = Debug|Any CPU
		{5134C61A-020A-4931-9844-4706AADA62AA}.DEVELOPMENT|Any CPU.Build.0 = Debug|Any CPU
		{5134C61A-020A-4931-9844-4706AADA62AA}.MONO|Any CPU.ActiveCfg = Release|Any CPU
		{5134C61A-020A-4931-9844-4706AADA62AA}.MONO|Any CPU.Build.0 = Release|Any CPU
		{5134C61A-020A-4931-9844-4706AADA62AA}.Release|Any CPU.ActiveCfg = Release|Any CPU
		{5134C61A-020A-4931-9844-4706AADA62AA}.Release|Any CPU.Build.0 = Release|Any CPU
	EndGlobalSection
	GlobalSection(SolutionProperties) = preSolution
		HideSolutionNode = FALSE
	EndGlobalSection
	GlobalSection(NestedProjects) = preSolution
		{FE82A68D-44BD-485F-88CF-FFA77720AEF6} = {848E76C6-A56D-4DC7-A627-9A6A92C07991}
		{5E258098-CB4F-4C62-B1F2-A2ACD5F51CDC} = {848E76C6-A56D-4DC7-A627-9A6A92C07991}
		{078F8195-CB54-49FB-AC3B-0C00E2E1DA6C} = {848E76C6-A56D-4DC7-A627-9A6A92C07991}
		{5134C61A-020A-4931-9844-4706AADA62AA} = {848E76C6-A56D-4DC7-A627-9A6A92C07991}
	EndGlobalSection
	GlobalSection(MonoDevelopProperties) = preSolution
		StartupItem = TestServer\TestServer.csproj
	EndGlobalSection
EndGlobal
