
Microsoft Visual Studio Solution File, Format Version 12.00
# Visual Studio 2012
Project("{FAE04EC0-301F-11D3-BF4B-00C04F79EFBC}") = "Craft.Net.Networking", "source\Craft.Net.Networking\Craft.Net.Networking.csproj", "{C3BBAB7E-606F-420E-9461-C8CFAEC2476B}"
EndProject
Project("{FAE04EC0-301F-11D3-BF4B-00C04F79EFBC}") = "fNbt", "externals\fNbt\fNbt\fNbt.csproj", "{4488498D-976D-4DA3-BF72-109531AF0488}"
EndProject
Project("{FAE04EC0-301F-11D3-BF4B-00C04F79EFBC}") = "Craft.Net.Anvil", "source\Craft.Net.Anvil\Craft.Net.Anvil.csproj", "{02031C5C-5007-48D5-A253-F7C8BDF0C0B2}"
EndProject
Project("{2150E333-8FDC-42A3-9474-1A3956D46DE8}") = "Test", "Test", "{848E76C6-A56D-4DC7-A627-9A6A92C07991}"
EndProject
Project("{FAE04EC0-301F-11D3-BF4B-00C04F79EFBC}") = "Craft.Net.Networking.Test", "source\Test\Craft.Net.Networking.Test\Craft.Net.Networking.Test.csproj", "{FE82A68D-44BD-485F-88CF-FFA77720AEF6}"
EndProject
Project("{FAE04EC0-301F-11D3-BF4B-00C04F79EFBC}") = "Craft.Net.Anvil.Test", "source\Test\Craft.Net.Anvil.Test\Craft.Net.Anvil.Test.csproj", "{5E258098-CB4F-4C62-B1F2-A2ACD5F51CDC}"
EndProject
Project("{FAE04EC0-301F-11D3-BF4B-00C04F79EFBC}") = "TestServer", "source\Test\TestServer\TestServer.csproj", "{5134C61A-020A-4931-9844-4706AADA62AA}"
EndProject
Project("{FAE04EC0-301F-11D3-BF4B-00C04F79EFBC}") = "TestClient", "source\Test\TestClient\TestClient.csproj", "{0F7386BF-D5E4-4578-A7CE-75E017224745}"
EndProject
Project("{FAE04EC0-301F-11D3-BF4B-00C04F79EFBC}") = "Craft.Net.Common", "source\Craft.Net.Common\Craft.Net.Common.csproj", "{50462849-2223-4E39-B5D9-A928A9A58A33}"
EndProject
Project("{FAE04EC0-301F-11D3-BF4B-00C04F79EFBC}") = "Craft.Net.TerrainGeneration", "source\Craft.Net.TerrainGeneration\Craft.Net.TerrainGeneration.csproj", "{B415FC03-C6FB-4B20-A5A1-81F526ADFEF5}"
EndProject
Project("{FAE04EC0-301F-11D3-BF4B-00C04F79EFBC}") = "Craft.Net.Logic", "source\Craft.Net.Logic\Craft.Net.Logic.csproj", "{E001ADA1-6BCB-420E-B187-07FF361D60B8}"
EndProject
Project("{FAE04EC0-301F-11D3-BF4B-00C04F79EFBC}") = "Craft.Net.Entities", "source\Craft.Net.Entities\Craft.Net.Entities.csproj", "{451B4EE5-D815-47BF-9CE6-08328B4A2BA7}"
EndProject
Project("{FAE04EC0-301F-11D3-BF4B-00C04F79EFBC}") = "Craft.Net.Server", "source\Craft.Net.Server\Craft.Net.Server.csproj", "{81467141-9C7D-41EE-BFB0-D40251E10F8C}"
EndProject
Project("{FAE04EC0-301F-11D3-BF4B-00C04F79EFBC}") = "Craft.Net.Physics", "source\Craft.Net.Physics\Craft.Net.Physics.csproj", "{C04C72EF-5FD5-42DA-B1DC-F232D3E86636}"
EndProject
Project("{2150E333-8FDC-42A3-9474-1A3956D46DE8}") = "Classic", "Classic", "{6E376C3C-C721-41C3-978D-F854044D77B7}"
EndProject
Project("{FAE04EC0-301F-11D3-BF4B-00C04F79EFBC}") = "Craft.Net.Classic.Common", "source\Classic\Craft.Net.Classic.Common\Craft.Net.Classic.Common.csproj", "{B3B13B2E-FD75-43F7-A745-FF681A732E21}"
EndProject
Project("{FAE04EC0-301F-11D3-BF4B-00C04F79EFBC}") = "Craft.Net.Classic.Networking", "source\Classic\Craft.Net.Classic.Networking\Craft.Net.Classic.Networking.csproj", "{C29820C5-559B-4D8F-A6AC-2B88702F9C5F}"
EndProject
Project("{FAE04EC0-301F-11D3-BF4B-00C04F79EFBC}") = "Craft.Net.Client", "source\Craft.Net.Client\Craft.Net.Client.csproj", "{AA930BF3-2073-4C4D-8ADD-07103B29198B}"
EndProject
Global
	GlobalSection(SolutionConfigurationPlatforms) = preSolution
		Debug|Any CPU = Debug|Any CPU
		Release|Any CPU = Release|Any CPU
	EndGlobalSection
	GlobalSection(ProjectConfigurationPlatforms) = postSolution
		{02031C5C-5007-48D5-A253-F7C8BDF0C0B2}.Debug|Any CPU.ActiveCfg = Debug|Any CPU
		{02031C5C-5007-48D5-A253-F7C8BDF0C0B2}.Debug|Any CPU.Build.0 = Debug|Any CPU
		{02031C5C-5007-48D5-A253-F7C8BDF0C0B2}.Release|Any CPU.ActiveCfg = Release|Any CPU
		{02031C5C-5007-48D5-A253-F7C8BDF0C0B2}.Release|Any CPU.Build.0 = Release|Any CPU
		{0F7386BF-D5E4-4578-A7CE-75E017224745}.Debug|Any CPU.ActiveCfg = Debug|Any CPU
		{0F7386BF-D5E4-4578-A7CE-75E017224745}.Debug|Any CPU.Build.0 = Debug|Any CPU
		{0F7386BF-D5E4-4578-A7CE-75E017224745}.Release|Any CPU.ActiveCfg = Release|Any CPU
		{0F7386BF-D5E4-4578-A7CE-75E017224745}.Release|Any CPU.Build.0 = Release|Any CPU
		{4488498D-976D-4DA3-BF72-109531AF0488}.Debug|Any CPU.ActiveCfg = Debug|Any CPU
		{4488498D-976D-4DA3-BF72-109531AF0488}.Debug|Any CPU.Build.0 = Debug|Any CPU
		{4488498D-976D-4DA3-BF72-109531AF0488}.Release|Any CPU.ActiveCfg = Release|Any CPU
		{4488498D-976D-4DA3-BF72-109531AF0488}.Release|Any CPU.Build.0 = Release|Any CPU
		{451B4EE5-D815-47BF-9CE6-08328B4A2BA7}.Debug|Any CPU.ActiveCfg = Debug|Any CPU
		{451B4EE5-D815-47BF-9CE6-08328B4A2BA7}.Debug|Any CPU.Build.0 = Debug|Any CPU
		{451B4EE5-D815-47BF-9CE6-08328B4A2BA7}.Release|Any CPU.ActiveCfg = Release|Any CPU
		{451B4EE5-D815-47BF-9CE6-08328B4A2BA7}.Release|Any CPU.Build.0 = Release|Any CPU
		{50462849-2223-4E39-B5D9-A928A9A58A33}.Debug|Any CPU.ActiveCfg = Debug|Any CPU
		{50462849-2223-4E39-B5D9-A928A9A58A33}.Debug|Any CPU.Build.0 = Debug|Any CPU
		{50462849-2223-4E39-B5D9-A928A9A58A33}.Release|Any CPU.ActiveCfg = Release|Any CPU
		{50462849-2223-4E39-B5D9-A928A9A58A33}.Release|Any CPU.Build.0 = Release|Any CPU
		{5134C61A-020A-4931-9844-4706AADA62AA}.Debug|Any CPU.ActiveCfg = Debug|Any CPU
		{5134C61A-020A-4931-9844-4706AADA62AA}.Debug|Any CPU.Build.0 = Debug|Any CPU
		{5134C61A-020A-4931-9844-4706AADA62AA}.Release|Any CPU.ActiveCfg = Release|Any CPU
		{5134C61A-020A-4931-9844-4706AADA62AA}.Release|Any CPU.Build.0 = Release|Any CPU
		{5E258098-CB4F-4C62-B1F2-A2ACD5F51CDC}.Debug|Any CPU.ActiveCfg = Debug|Any CPU
		{5E258098-CB4F-4C62-B1F2-A2ACD5F51CDC}.Debug|Any CPU.Build.0 = Debug|Any CPU
		{5E258098-CB4F-4C62-B1F2-A2ACD5F51CDC}.Release|Any CPU.ActiveCfg = Release|Any CPU
		{5E258098-CB4F-4C62-B1F2-A2ACD5F51CDC}.Release|Any CPU.Build.0 = Release|Any CPU
		{81467141-9C7D-41EE-BFB0-D40251E10F8C}.Debug|Any CPU.ActiveCfg = Debug|Any CPU
		{81467141-9C7D-41EE-BFB0-D40251E10F8C}.Debug|Any CPU.Build.0 = Debug|Any CPU
		{81467141-9C7D-41EE-BFB0-D40251E10F8C}.Release|Any CPU.ActiveCfg = Release|Any CPU
		{81467141-9C7D-41EE-BFB0-D40251E10F8C}.Release|Any CPU.Build.0 = Release|Any CPU
		{AA930BF3-2073-4C4D-8ADD-07103B29198B}.Debug|Any CPU.ActiveCfg = Debug|Any CPU
		{AA930BF3-2073-4C4D-8ADD-07103B29198B}.Debug|Any CPU.Build.0 = Debug|Any CPU
		{AA930BF3-2073-4C4D-8ADD-07103B29198B}.Release|Any CPU.ActiveCfg = Release|Any CPU
		{AA930BF3-2073-4C4D-8ADD-07103B29198B}.Release|Any CPU.Build.0 = Release|Any CPU
		{B3B13B2E-FD75-43F7-A745-FF681A732E21}.Debug|Any CPU.ActiveCfg = Debug|Any CPU
		{B3B13B2E-FD75-43F7-A745-FF681A732E21}.Debug|Any CPU.Build.0 = Debug|Any CPU
		{B3B13B2E-FD75-43F7-A745-FF681A732E21}.Release|Any CPU.ActiveCfg = Release|Any CPU
		{B3B13B2E-FD75-43F7-A745-FF681A732E21}.Release|Any CPU.Build.0 = Release|Any CPU
		{B415FC03-C6FB-4B20-A5A1-81F526ADFEF5}.Debug|Any CPU.ActiveCfg = Debug|Any CPU
		{B415FC03-C6FB-4B20-A5A1-81F526ADFEF5}.Debug|Any CPU.Build.0 = Debug|Any CPU
		{B415FC03-C6FB-4B20-A5A1-81F526ADFEF5}.Release|Any CPU.ActiveCfg = Release|Any CPU
		{B415FC03-C6FB-4B20-A5A1-81F526ADFEF5}.Release|Any CPU.Build.0 = Release|Any CPU
		{C04C72EF-5FD5-42DA-B1DC-F232D3E86636}.Debug|Any CPU.ActiveCfg = Debug|Any CPU
		{C04C72EF-5FD5-42DA-B1DC-F232D3E86636}.Debug|Any CPU.Build.0 = Debug|Any CPU
		{C04C72EF-5FD5-42DA-B1DC-F232D3E86636}.Release|Any CPU.ActiveCfg = Release|Any CPU
		{C04C72EF-5FD5-42DA-B1DC-F232D3E86636}.Release|Any CPU.Build.0 = Release|Any CPU
		{C29820C5-559B-4D8F-A6AC-2B88702F9C5F}.Debug|Any CPU.ActiveCfg = Debug|Any CPU
		{C29820C5-559B-4D8F-A6AC-2B88702F9C5F}.Debug|Any CPU.Build.0 = Debug|Any CPU
		{C29820C5-559B-4D8F-A6AC-2B88702F9C5F}.Release|Any CPU.ActiveCfg = Release|Any CPU
		{C29820C5-559B-4D8F-A6AC-2B88702F9C5F}.Release|Any CPU.Build.0 = Release|Any CPU
		{C3BBAB7E-606F-420E-9461-C8CFAEC2476B}.Debug|Any CPU.ActiveCfg = Debug|Any CPU
		{C3BBAB7E-606F-420E-9461-C8CFAEC2476B}.Debug|Any CPU.Build.0 = Debug|Any CPU
		{C3BBAB7E-606F-420E-9461-C8CFAEC2476B}.Release|Any CPU.ActiveCfg = Release|Any CPU
		{C3BBAB7E-606F-420E-9461-C8CFAEC2476B}.Release|Any CPU.Build.0 = Release|Any CPU
		{E001ADA1-6BCB-420E-B187-07FF361D60B8}.Debug|Any CPU.ActiveCfg = Debug|Any CPU
		{E001ADA1-6BCB-420E-B187-07FF361D60B8}.Debug|Any CPU.Build.0 = Debug|Any CPU
		{E001ADA1-6BCB-420E-B187-07FF361D60B8}.Release|Any CPU.ActiveCfg = Release|Any CPU
		{E001ADA1-6BCB-420E-B187-07FF361D60B8}.Release|Any CPU.Build.0 = Release|Any CPU
		{FE82A68D-44BD-485F-88CF-FFA77720AEF6}.Debug|Any CPU.ActiveCfg = Debug|Any CPU
		{FE82A68D-44BD-485F-88CF-FFA77720AEF6}.Debug|Any CPU.Build.0 = Debug|Any CPU
		{FE82A68D-44BD-485F-88CF-FFA77720AEF6}.Release|Any CPU.ActiveCfg = Release|Any CPU
		{FE82A68D-44BD-485F-88CF-FFA77720AEF6}.Release|Any CPU.Build.0 = Release|Any CPU
	EndGlobalSection
	GlobalSection(NestedProjects) = preSolution
		{FE82A68D-44BD-485F-88CF-FFA77720AEF6} = {848E76C6-A56D-4DC7-A627-9A6A92C07991}
		{5E258098-CB4F-4C62-B1F2-A2ACD5F51CDC} = {848E76C6-A56D-4DC7-A627-9A6A92C07991}
		{5134C61A-020A-4931-9844-4706AADA62AA} = {848E76C6-A56D-4DC7-A627-9A6A92C07991}
		{0F7386BF-D5E4-4578-A7CE-75E017224745} = {848E76C6-A56D-4DC7-A627-9A6A92C07991}
		{B3B13B2E-FD75-43F7-A745-FF681A732E21} = {6E376C3C-C721-41C3-978D-F854044D77B7}
		{C29820C5-559B-4D8F-A6AC-2B88702F9C5F} = {6E376C3C-C721-41C3-978D-F854044D77B7}
	EndGlobalSection
	GlobalSection(MonoDevelopProperties) = preSolution
		StartupItem = source\Test\TestClient\TestClient.csproj
	EndGlobalSection
	GlobalSection(SolutionProperties) = preSolution
		HideSolutionNode = FALSE
	EndGlobalSection
EndGlobal
